// !$*UTF8*$!
{
	archiveVersion = 1;
	classes = {
	};
	objectVersion = 46;
	objects = {

/* Begin PBXBuildFile section */
		13F54C6CBEB4CF40B7E87C1A /* libPods-GitManager.a in Frameworks */ = {isa = PBXBuildFile; fileRef = 03B584ED574DAD9ABC0CAE36 /* libPods-GitManager.a */; };
		79AD30841EC1D78C0022C31F /* AppDelegate.m in Sources */ = {isa = PBXBuildFile; fileRef = 79AD30681EC1D78C0022C31F /* AppDelegate.m */; };
		79AD30851EC1D78C0022C31F /* Assets.xcassets in Resources */ = {isa = PBXBuildFile; fileRef = 79AD30691EC1D78C0022C31F /* Assets.xcassets */; };
		79AD30861EC1D78C0022C31F /* NSString+Extend.m in Sources */ = {isa = PBXBuildFile; fileRef = 79AD306E1EC1D78C0022C31F /* NSString+Extend.m */; };
		79AD30871EC1D78C0022C31F /* ResourcesManager.m in Sources */ = {isa = PBXBuildFile; fileRef = 79AD30711EC1D78C0022C31F /* ResourcesManager.m */; };
		79AD30881EC1D78C0022C31F /* TempItem.m in Sources */ = {isa = PBXBuildFile; fileRef = 79AD30771EC1D78C0022C31F /* TempItem.m */; };
		79AD30891EC1D78C0022C31F /* TestViewController.m in Sources */ = {isa = PBXBuildFile; fileRef = 79AD307A1EC1D78C0022C31F /* TestViewController.m */; };
		79AD308A1EC1D78C0022C31F /* FXBlurView.m in Sources */ = {isa = PBXBuildFile; fileRef = 79AD307E1EC1D78C0022C31F /* FXBlurView.m */; };
		79AD308C1EC1D78C0022C31F /* main.m in Sources */ = {isa = PBXBuildFile; fileRef = 79AD30801EC1D78C0022C31F /* main.m */; };
		79AD308D1EC1D78C0022C31F /* ViewController.m in Sources */ = {isa = PBXBuildFile; fileRef = 79AD30831EC1D78C0022C31F /* ViewController.m */; };
/* End PBXBuildFile section */

/* Begin PBXFileReference section */
		03B584ED574DAD9ABC0CAE36 /* libPods-GitManager.a */ = {isa = PBXFileReference; explicitFileType = archive.ar; includeInIndex = 0; path = "libPods-GitManager.a"; sourceTree = BUILT_PRODUCTS_DIR; };
		2ABFAA2D076E8C15D3D15617 /* Pods-GitManager.release.xcconfig */ = {isa = PBXFileReference; includeInIndex = 1; lastKnownFileType = text.xcconfig; name = "Pods-GitManager.release.xcconfig"; path = "Pods/Target Support Files/Pods-GitManager/Pods-GitManager.release.xcconfig"; sourceTree = "<group>"; };
		7905CCD21E77DACB0031B8FD /* GitManager.app */ = {isa = PBXFileReference; explicitFileType = wrapper.application; includeInIndex = 0; path = GitManager.app; sourceTree = BUILT_PRODUCTS_DIR; };
		79AD30671EC1D78C0022C31F /* AppDelegate.h */ = {isa = PBXFileReference; fileEncoding = 4; lastKnownFileType = sourcecode.c.h; path = AppDelegate.h; sourceTree = "<group>"; };
		79AD30681EC1D78C0022C31F /* AppDelegate.m */ = {isa = PBXFileReference; fileEncoding = 4; lastKnownFileType = sourcecode.c.objc; path = AppDelegate.m; sourceTree = "<group>"; };
		79AD30691EC1D78C0022C31F /* Assets.xcassets */ = {isa = PBXFileReference; lastKnownFileType = folder.assetcatalog; path = Assets.xcassets; sourceTree = "<group>"; };
		79AD306D1EC1D78C0022C31F /* NSString+Extend.h */ = {isa = PBXFileReference; fileEncoding = 4; lastKnownFileType = sourcecode.c.h; path = "NSString+Extend.h"; sourceTree = "<group>"; };
		79AD306E1EC1D78C0022C31F /* NSString+Extend.m */ = {isa = PBXFileReference; fileEncoding = 4; lastKnownFileType = sourcecode.c.objc; path = "NSString+Extend.m"; sourceTree = "<group>"; };
		79AD30701EC1D78C0022C31F /* ResourcesManager.h */ = {isa = PBXFileReference; fileEncoding = 4; lastKnownFileType = sourcecode.c.h; path = ResourcesManager.h; sourceTree = "<group>"; };
		79AD30711EC1D78C0022C31F /* ResourcesManager.m */ = {isa = PBXFileReference; fileEncoding = 4; lastKnownFileType = sourcecode.c.objc; path = ResourcesManager.m; sourceTree = "<group>"; };
		79AD30721EC1D78C0022C31F /* SynthesizeSingleton.h */ = {isa = PBXFileReference; fileEncoding = 4; lastKnownFileType = sourcecode.c.h; path = SynthesizeSingleton.h; sourceTree = "<group>"; };
		79AD30741EC1D78C0022C31F /* PHDefines.h */ = {isa = PBXFileReference; fileEncoding = 4; lastKnownFileType = sourcecode.c.h; path = PHDefines.h; sourceTree = "<group>"; };
		79AD30761EC1D78C0022C31F /* TempItem.h */ = {isa = PBXFileReference; fileEncoding = 4; lastKnownFileType = sourcecode.c.h; path = TempItem.h; sourceTree = "<group>"; };
		79AD30771EC1D78C0022C31F /* TempItem.m */ = {isa = PBXFileReference; fileEncoding = 4; lastKnownFileType = sourcecode.c.objc; path = TempItem.m; sourceTree = "<group>"; };
		79AD30791EC1D78C0022C31F /* TestViewController.h */ = {isa = PBXFileReference; fileEncoding = 4; lastKnownFileType = sourcecode.c.h; path = TestViewController.h; sourceTree = "<group>"; };
		79AD307A1EC1D78C0022C31F /* TestViewController.m */ = {isa = PBXFileReference; fileEncoding = 4; lastKnownFileType = sourcecode.c.objc; path = TestViewController.m; sourceTree = "<group>"; };
		79AD307D1EC1D78C0022C31F /* FXBlurView.h */ = {isa = PBXFileReference; fileEncoding = 4; lastKnownFileType = sourcecode.c.h; path = FXBlurView.h; sourceTree = "<group>"; };
		79AD307E1EC1D78C0022C31F /* FXBlurView.m */ = {isa = PBXFileReference; fileEncoding = 4; lastKnownFileType = sourcecode.c.objc; path = FXBlurView.m; sourceTree = "<group>"; };
		79AD307F1EC1D78C0022C31F /* Info.plist */ = {isa = PBXFileReference; fileEncoding = 4; lastKnownFileType = text.plist.xml; path = Info.plist; sourceTree = "<group>"; };
		79AD30801EC1D78C0022C31F /* main.m */ = {isa = PBXFileReference; fileEncoding = 4; lastKnownFileType = sourcecode.c.objc; path = main.m; sourceTree = "<group>"; };
		79AD30811EC1D78C0022C31F /* GitManager-Prefix.pch */ = {isa = PBXFileReference; fileEncoding = 4; lastKnownFileType = sourcecode.c.h; path = "GitManager-Prefix.pch"; sourceTree = "<group>"; };
		79AD30821EC1D78C0022C31F /* ViewController.h */ = {isa = PBXFileReference; fileEncoding = 4; lastKnownFileType = sourcecode.c.h; path = ViewController.h; sourceTree = "<group>"; };
		79AD30831EC1D78C0022C31F /* ViewController.m */ = {isa = PBXFileReference; fileEncoding = 4; lastKnownFileType = sourcecode.c.objc; path = ViewController.m; sourceTree = "<group>"; };
		BAC622A16FB363E8E099A9DF /* Pods-GitManager.debug.xcconfig */ = {isa = PBXFileReference; includeInIndex = 1; lastKnownFileType = text.xcconfig; name = "Pods-GitManager.debug.xcconfig"; path = "Pods/Target Support Files/Pods-GitManager/Pods-GitManager.debug.xcconfig"; sourceTree = "<group>"; };
/* End PBXFileReference section */

/* Begin PBXFrameworksBuildPhase section */
		7905CCCF1E77DACB0031B8FD /* Frameworks */ = {
			isa = PBXFrameworksBuildPhase;
			buildActionMask = 2147483647;
			files = (
				13F54C6CBEB4CF40B7E87C1A /* libPods-GitManager.a in Frameworks */,
			);
			runOnlyForDeploymentPostprocessing = 0;
		};
/* End PBXFrameworksBuildPhase section */

/* Begin PBXGroup section */
		6B7C130C121E426FBAABEAA7 /* Pods */ = {
			isa = PBXGroup;
			children = (
				BAC622A16FB363E8E099A9DF /* Pods-GitManager.debug.xcconfig */,
				2ABFAA2D076E8C15D3D15617 /* Pods-GitManager.release.xcconfig */,
			);
			name = Pods;
			sourceTree = "<group>";
		};
		7905CCC91E77DACB0031B8FD = {
			isa = PBXGroup;
			children = (
				79AD30661EC1D78C0022C31F /* GitManager */,
				7905CCD31E77DACB0031B8FD /* Products */,
				6B7C130C121E426FBAABEAA7 /* Pods */,
				A5479D16341E5B8296615FB7 /* Frameworks */,
			);
			sourceTree = "<group>";
		};
		7905CCD31E77DACB0031B8FD /* Products */ = {
			isa = PBXGroup;
			children = (
				7905CCD21E77DACB0031B8FD /* GitManager.app */,
			);
			name = Products;
			sourceTree = "<group>";
		};
		79AD30661EC1D78C0022C31F /* GitManager */ = {
			isa = PBXGroup;
			children = (
				79AD306A1EC1D78C0022C31F /* Classes */,
				79AD30671EC1D78C0022C31F /* AppDelegate.h */,
				79AD30681EC1D78C0022C31F /* AppDelegate.m */,
				79AD30821EC1D78C0022C31F /* ViewController.h */,
				79AD30831EC1D78C0022C31F /* ViewController.m */,
				79AD308E1EC1D7980022C31F /* Supporting Files */,
			);
			path = GitManager;
			sourceTree = "<group>";
		};
		79AD306A1EC1D78C0022C31F /* Classes */ = {
			isa = PBXGroup;
			children = (
				79AD306B1EC1D78C0022C31F /* Common */,
				79AD30731EC1D78C0022C31F /* Defines */,
				79AD30751EC1D78C0022C31F /* Models */,
				79AD30781EC1D78C0022C31F /* ViewControllers */,
				79AD307B1EC1D78C0022C31F /* Views */,
			);
			path = Classes;
			sourceTree = "<group>";
		};
		79AD306B1EC1D78C0022C31F /* Common */ = {
			isa = PBXGroup;
			children = (
				79AD306C1EC1D78C0022C31F /* Categories */,
				79AD306F1EC1D78C0022C31F /* ResourcesManager */,
				79AD30721EC1D78C0022C31F /* SynthesizeSingleton.h */,
			);
			path = Common;
			sourceTree = "<group>";
		};
		79AD306C1EC1D78C0022C31F /* Categories */ = {
			isa = PBXGroup;
			children = (
				79AD306D1EC1D78C0022C31F /* NSString+Extend.h */,
				79AD306E1EC1D78C0022C31F /* NSString+Extend.m */,
			);
			path = Categories;
			sourceTree = "<group>";
		};
		79AD306F1EC1D78C0022C31F /* ResourcesManager */ = {
			isa = PBXGroup;
			children = (
				79AD30701EC1D78C0022C31F /* ResourcesManager.h */,
				79AD30711EC1D78C0022C31F /* ResourcesManager.m */,
			);
			path = ResourcesManager;
			sourceTree = "<group>";
		};
		79AD30731EC1D78C0022C31F /* Defines */ = {
			isa = PBXGroup;
			children = (
				79AD30741EC1D78C0022C31F /* PHDefines.h */,
			);
			path = Defines;
			sourceTree = "<group>";
		};
		79AD30751EC1D78C0022C31F /* Models */ = {
			isa = PBXGroup;
			children = (
				79AD30761EC1D78C0022C31F /* TempItem.h */,
				79AD30771EC1D78C0022C31F /* TempItem.m */,
			);
			path = Models;
			sourceTree = "<group>";
		};
		79AD30781EC1D78C0022C31F /* ViewControllers */ = {
			isa = PBXGroup;
			children = (
				79AD30791EC1D78C0022C31F /* TestViewController.h */,
				79AD307A1EC1D78C0022C31F /* TestViewController.m */,
			);
			path = ViewControllers;
			sourceTree = "<group>";
		};
		79AD307B1EC1D78C0022C31F /* Views */ = {
			isa = PBXGroup;
			children = (
				79AD307C1EC1D78C0022C31F /* FXBlurView */,
			);
			path = Views;
			sourceTree = "<group>";
		};
		79AD307C1EC1D78C0022C31F /* FXBlurView */ = {
			isa = PBXGroup;
			children = (
				79AD307D1EC1D78C0022C31F /* FXBlurView.h */,
				79AD307E1EC1D78C0022C31F /* FXBlurView.m */,
			);
			path = FXBlurView;
			sourceTree = "<group>";
		};
		79AD308E1EC1D7980022C31F /* Supporting Files */ = {
			isa = PBXGroup;
			children = (
				79AD30691EC1D78C0022C31F /* Assets.xcassets */,
				79AD307F1EC1D78C0022C31F /* Info.plist */,
				79AD30801EC1D78C0022C31F /* main.m */,
				79AD30811EC1D78C0022C31F /* GitManager-Prefix.pch */,
			);
			name = "Supporting Files";
			sourceTree = "<group>";
		};
		A5479D16341E5B8296615FB7 /* Frameworks */ = {
			isa = PBXGroup;
			children = (
				03B584ED574DAD9ABC0CAE36 /* libPods-GitManager.a */,
			);
			name = Frameworks;
			sourceTree = "<group>";
		};
/* End PBXGroup section */

/* Begin PBXNativeTarget section */
		7905CCD11E77DACB0031B8FD /* GitManager */ = {
			isa = PBXNativeTarget;
			buildConfigurationList = 7905CCE91E77DACC0031B8FD /* Build configuration list for PBXNativeTarget "GitManager" */;
			buildPhases = (
				6BF816027CBA7317A7AD36F3 /* [CP] Check Pods Manifest.lock */,
				7905CCCE1E77DACB0031B8FD /* Sources */,
				7905CCCF1E77DACB0031B8FD /* Frameworks */,
				7905CCD01E77DACB0031B8FD /* Resources */,
				4C7393445BFE415287286267 /* [CP] Embed Pods Frameworks */,
				520AD7A9E32D83A5CD6B7798 /* [CP] Copy Pods Resources */,
			);
			buildRules = (
			);
			dependencies = (
			);
			name = GitManager;
			productName = CoreAnimationDemo;
			productReference = 7905CCD21E77DACB0031B8FD /* GitManager.app */;
			productType = "com.apple.product-type.application";
		};
/* End PBXNativeTarget section */

/* Begin PBXProject section */
		7905CCCA1E77DACB0031B8FD /* Project object */ = {
			isa = PBXProject;
			attributes = {
				LastUpgradeCheck = 0820;
				ORGANIZATIONNAME = "ND WebSoft Inc";
				TargetAttributes = {
					7905CCD11E77DACB0031B8FD = {
						CreatedOnToolsVersion = 8.2.1;
						DevelopmentTeam = ZNGFQM2NH2;
						ProvisioningStyle = Automatic;
					};
				};
			};
			buildConfigurationList = 7905CCCD1E77DACB0031B8FD /* Build configuration list for PBXProject "GitManager" */;
			compatibilityVersion = "Xcode 3.2";
			developmentRegion = English;
			hasScannedForEncodings = 0;
			knownRegions = (
				en,
				Base,
			);
			mainGroup = 7905CCC91E77DACB0031B8FD;
			productRefGroup = 7905CCD31E77DACB0031B8FD /* Products */;
			projectDirPath = "";
			projectRoot = "";
			targets = (
				7905CCD11E77DACB0031B8FD /* GitManager */,
			);
		};
/* End PBXProject section */

/* Begin PBXResourcesBuildPhase section */
		7905CCD01E77DACB0031B8FD /* Resources */ = {
			isa = PBXResourcesBuildPhase;
			buildActionMask = 2147483647;
			files = (
				79AD30851EC1D78C0022C31F /* Assets.xcassets in Resources */,
			);
			runOnlyForDeploymentPostprocessing = 0;
		};
/* End PBXResourcesBuildPhase section */

/* Begin PBXShellScriptBuildPhase section */
		4C7393445BFE415287286267 /* [CP] Embed Pods Frameworks */ = {
			isa = PBXShellScriptBuildPhase;
			buildActionMask = 2147483647;
			files = (
			);
			inputPaths = (
			);
			name = "[CP] Embed Pods Frameworks";
			outputPaths = (
			);
			runOnlyForDeploymentPostprocessing = 0;
			shellPath = /bin/sh;
			shellScript = "\"${SRCROOT}/Pods/Target Support Files/Pods-GitManager/Pods-GitManager-frameworks.sh\"\n";
			showEnvVarsInLog = 0;
		};
		520AD7A9E32D83A5CD6B7798 /* [CP] Copy Pods Resources */ = {
			isa = PBXShellScriptBuildPhase;
			buildActionMask = 2147483647;
			files = (
			);
			inputPaths = (
			);
			name = "[CP] Copy Pods Resources";
			outputPaths = (
			);
			runOnlyForDeploymentPostprocessing = 0;
			shellPath = /bin/sh;
			shellScript = "\"${SRCROOT}/Pods/Target Support Files/Pods-GitManager/Pods-GitManager-resources.sh\"\n";
			showEnvVarsInLog = 0;
		};
		6BF816027CBA7317A7AD36F3 /* [CP] Check Pods Manifest.lock */ = {
			isa = PBXShellScriptBuildPhase;
			buildActionMask = 2147483647;
			files = (
			);
			inputPaths = (
			);
			name = "[CP] Check Pods Manifest.lock";
			outputPaths = (
			);
			runOnlyForDeploymentPostprocessing = 0;
			shellPath = /bin/sh;
			shellScript = "diff \"${PODS_ROOT}/../Podfile.lock\" \"${PODS_ROOT}/Manifest.lock\" > /dev/null\nif [ $? != 0 ] ; then\n    # print error to STDERR\n    echo \"error: The sandbox is not in sync with the Podfile.lock. Run 'pod install' or update your CocoaPods installation.\" >&2\n    exit 1\nfi\n";
			showEnvVarsInLog = 0;
		};
/* End PBXShellScriptBuildPhase section */

/* Begin PBXSourcesBuildPhase section */
		7905CCCE1E77DACB0031B8FD /* Sources */ = {
			isa = PBXSourcesBuildPhase;
			buildActionMask = 2147483647;
			files = (
				79AD30891EC1D78C0022C31F /* TestViewController.m in Sources */,
				79AD30871EC1D78C0022C31F /* ResourcesManager.m in Sources */,
				79AD30881EC1D78C0022C31F /* TempItem.m in Sources */,
				79AD30841EC1D78C0022C31F /* AppDelegate.m in Sources */,
				79AD308A1EC1D78C0022C31F /* FXBlurView.m in Sources */,
				79AD308D1EC1D78C0022C31F /* ViewController.m in Sources */,
				79AD308C1EC1D78C0022C31F /* main.m in Sources */,
				79AD30861EC1D78C0022C31F /* NSString+Extend.m in Sources */,
			);
			runOnlyForDeploymentPostprocessing = 0;
		};
/* End PBXSourcesBuildPhase section */

/* Begin XCBuildConfiguration section */
		7905CCE71E77DACC0031B8FD /* Debug */ = {
			isa = XCBuildConfiguration;
			buildSettings = {
				ALWAYS_SEARCH_USER_PATHS = NO;
				CLANG_ANALYZER_NONNULL = YES;
				CLANG_CXX_LANGUAGE_STANDARD = "gnu++0x";
				CLANG_CXX_LIBRARY = "libc++";
				CLANG_ENABLE_MODULES = YES;
				CLANG_ENABLE_OBJC_ARC = YES;
				CLANG_WARN_BOOL_CONVERSION = YES;
				CLANG_WARN_CONSTANT_CONVERSION = YES;
				CLANG_WARN_DIRECT_OBJC_ISA_USAGE = YES_ERROR;
				CLANG_WARN_DOCUMENTATION_COMMENTS = YES;
				CLANG_WARN_EMPTY_BODY = YES;
				CLANG_WARN_ENUM_CONVERSION = YES;
				CLANG_WARN_INFINITE_RECURSION = YES;
				CLANG_WARN_INT_CONVERSION = YES;
				CLANG_WARN_OBJC_ROOT_CLASS = YES_ERROR;
				CLANG_WARN_SUSPICIOUS_MOVE = YES;
				CLANG_WARN_UNREACHABLE_CODE = YES;
				CLANG_WARN__DUPLICATE_METHOD_MATCH = YES;
				"CODE_SIGN_IDENTITY[sdk=iphoneos*]" = "iPhone Developer";
				COPY_PHASE_STRIP = NO;
				DEBUG_INFORMATION_FORMAT = dwarf;
				ENABLE_STRICT_OBJC_MSGSEND = YES;
				ENABLE_TESTABILITY = YES;
				GCC_C_LANGUAGE_STANDARD = gnu99;
				GCC_DYNAMIC_NO_PIC = NO;
				GCC_NO_COMMON_BLOCKS = YES;
				GCC_OPTIMIZATION_LEVEL = 0;
				GCC_PREPROCESSOR_DEFINITIONS = (
					"DEBUG=1",
					"$(inherited)",
				);
				GCC_WARN_64_TO_32_BIT_CONVERSION = YES;
				GCC_WARN_ABOUT_RETURN_TYPE = YES_ERROR;
				GCC_WARN_UNDECLARED_SELECTOR = YES;
				GCC_WARN_UNINITIALIZED_AUTOS = YES_AGGRESSIVE;
				GCC_WARN_UNUSED_FUNCTION = YES;
				GCC_WARN_UNUSED_VARIABLE = YES;
				IPHONEOS_DEPLOYMENT_TARGET = 10.2;
				MTL_ENABLE_DEBUG_INFO = YES;
				ONLY_ACTIVE_ARCH = YES;
				SDKROOT = iphoneos;
			};
			name = Debug;
		};
		7905CCE81E77DACC0031B8FD /* Release */ = {
			isa = XCBuildConfiguration;
			buildSettings = {
				ALWAYS_SEARCH_USER_PATHS = NO;
				CLANG_ANALYZER_NONNULL = YES;
				CLANG_CXX_LANGUAGE_STANDARD = "gnu++0x";
				CLANG_CXX_LIBRARY = "libc++";
				CLANG_ENABLE_MODULES = YES;
				CLANG_ENABLE_OBJC_ARC = YES;
				CLANG_WARN_BOOL_CONVERSION = YES;
				CLANG_WARN_CONSTANT_CONVERSION = YES;
				CLANG_WARN_DIRECT_OBJC_ISA_USAGE = YES_ERROR;
				CLANG_WARN_DOCUMENTATION_COMMENTS = YES;
				CLANG_WARN_EMPTY_BODY = YES;
				CLANG_WARN_ENUM_CONVERSION = YES;
				CLANG_WARN_INFINITE_RECURSION = YES;
				CLANG_WARN_INT_CONVERSION = YES;
				CLANG_WARN_OBJC_ROOT_CLASS = YES_ERROR;
				CLANG_WARN_SUSPICIOUS_MOVE = YES;
				CLANG_WARN_UNREACHABLE_CODE = YES;
				CLANG_WARN__DUPLICATE_METHOD_MATCH = YES;
				"CODE_SIGN_IDENTITY[sdk=iphoneos*]" = "iPhone Developer";
				COPY_PHASE_STRIP = NO;
				DEBUG_INFORMATION_FORMAT = "dwarf-with-dsym";
				ENABLE_NS_ASSERTIONS = NO;
				ENABLE_STRICT_OBJC_MSGSEND = YES;
				GCC_C_LANGUAGE_STANDARD = gnu99;
				GCC_NO_COMMON_BLOCKS = YES;
				GCC_WARN_64_TO_32_BIT_CONVERSION = YES;
				GCC_WARN_ABOUT_RETURN_TYPE = YES_ERROR;
				GCC_WARN_UNDECLARED_SELECTOR = YES;
				GCC_WARN_UNINITIALIZED_AUTOS = YES_AGGRESSIVE;
				GCC_WARN_UNUSED_FUNCTION = YES;
				GCC_WARN_UNUSED_VARIABLE = YES;
				IPHONEOS_DEPLOYMENT_TARGET = 10.2;
				MTL_ENABLE_DEBUG_INFO = NO;
				SDKROOT = iphoneos;
				VALIDATE_PRODUCT = YES;
			};
			name = Release;
		};
		7905CCEA1E77DACC0031B8FD /* Debug */ = {
			isa = XCBuildConfiguration;
			baseConfigurationReference = BAC622A16FB363E8E099A9DF /* Pods-GitManager.debug.xcconfig */;
			buildSettings = {
				ASSETCATALOG_COMPILER_APPICON_NAME = AppIcon;
				ASSETCATALOG_COMPILER_LAUNCHIMAGE_NAME = LaunchImage;
				DEVELOPMENT_TEAM = ZNGFQM2NH2;
				GCC_PREFIX_HEADER = "GitManager/GitManager-Prefix.pch";
				INFOPLIST_FILE = "$(SRCROOT)/GitManager/Info.plist";
				IPHONEOS_DEPLOYMENT_TARGET = 8.0;
				LD_RUNPATH_SEARCH_PATHS = "$(inherited) @executable_path/Frameworks";
				PRODUCT_BUNDLE_IDENTIFIER = com.91.sj.GitManager;
				PRODUCT_NAME = "$(TARGET_NAME)";
			};
			name = Debug;
		};
		7905CCEB1E77DACC0031B8FD /* Release */ = {
			isa = XCBuildConfiguration;
			baseConfigurationReference = 2ABFAA2D076E8C15D3D15617 /* Pods-GitManager.release.xcconfig */;
			buildSettings = {
				ASSETCATALOG_COMPILER_APPICON_NAME = AppIcon;
				ASSETCATALOG_COMPILER_LAUNCHIMAGE_NAME = LaunchImage;
				DEVELOPMENT_TEAM = ZNGFQM2NH2;
				GCC_PREFIX_HEADER = "GitManager/GitManager-Prefix.pch";
				INFOPLIST_FILE = "$(SRCROOT)/GitManager/Info.plist";
				IPHONEOS_DEPLOYMENT_TARGET = 8.0;
				LD_RUNPATH_SEARCH_PATHS = "$(inherited) @executable_path/Frameworks";
				PRODUCT_BUNDLE_IDENTIFIER = com.91.sj.GitManager;
				PRODUCT_NAME = "$(TARGET_NAME)";
			};
			name = Release;
		};
/* End XCBuildConfiguration section */

/* Begin XCConfigurationList section */
		7905CCCD1E77DACB0031B8FD /* Build configuration list for PBXProject "GitManager" */ = {
			isa = XCConfigurationList;
			buildConfigurations = (
				7905CCE71E77DACC0031B8FD /* Debug */,
				7905CCE81E77DACC0031B8FD /* Release */,
			);
			defaultConfigurationIsVisible = 0;
			defaultConfigurationName = Release;
		};
		7905CCE91E77DACC0031B8FD /* Build configuration list for PBXNativeTarget "GitManager" */ = {
			isa = XCConfigurationList;
			buildConfigurations = (
				7905CCEA1E77DACC0031B8FD /* Debug */,
				7905CCEB1E77DACC0031B8FD /* Release */,
			);
			defaultConfigurationIsVisible = 0;
			defaultConfigurationName = Release;
		};
/* End XCConfigurationList section */
	};
	rootObject = 7905CCCA1E77DACB0031B8FD /* Project object */;
}
